
Microsoft Visual Studio Solution File, Format Version 12.00
# Visual Studio 2013
VisualStudioVersion = 12.0.30110.0
MinimumVisualStudioVersion = 10.0.40219.1
Project("{2150E333-8FDC-42A3-9474-1A3956D46DE8}") = "Auth", "Auth", "{631432E9-3627-496A-A12D-5F471166F3D7}"
EndProject
Project("{2150E333-8FDC-42A3-9474-1A3956D46DE8}") = "Config", "Config", "{E88A9C23-0B69-42D0-BEB0-2F45E0F76254}"
EndProject
Project("{2150E333-8FDC-42A3-9474-1A3956D46DE8}") = "Cache", "Cache", "{C5629FC1-11CF-4A87-8663-53E4495818DC}"
EndProject
Project("{FAE04EC0-301F-11D3-BF4B-00C04F79EFBC}") = "CZLib.Cache", "CZLib.Cache\CZLib.Cache.csproj", "{BD85DC66-6474-4430-86D5-E8F394A474C4}"
EndProject
Project("{FAE04EC0-301F-11D3-BF4B-00C04F79EFBC}") = "CZLib.Config", "CZLib.Config\CZLib.Config.csproj", "{ED745FFF-2B45-49F6-A8E1-28A840829522}"
EndProject
Project("{FAE04EC0-301F-11D3-BF4B-00C04F79EFBC}") = "CZLib.Auth", "CZLib.Auth\CZLib.Auth.csproj", "{EE194F16-016C-43A9-9E11-AD5E9235336C}"
EndProject
Project("{FAE04EC0-301F-11D3-BF4B-00C04F79EFBC}") = "CZLib.Config.Mvc4", "CZLib.Config.Mvc4\CZLib.Config.Mvc4.csproj", "{2695EC38-EEA9-4485-9C05-282B7B9B7C4E}"
EndProject
Project("{2150E333-8FDC-42A3-9474-1A3956D46DE8}") = "Solution Items", "Solution Items", "{F2A63EA5-87CD-4350-9563-3F4A1AFACB72}"
	ProjectSection(SolutionItems) = preProject
		..\README.md = ..\README.md
	EndProjectSection
EndProject
Project("{2150E333-8FDC-42A3-9474-1A3956D46DE8}") = "DB", "DB", "{851F5F81-1776-43D6-ADE4-FCD71178DE2F}"
EndProject
Project("{FAE04EC0-301F-11D3-BF4B-00C04F79EFBC}") = "CZLib.DB", "CZLib.DB\CZLib.DB.csproj", "{61B88487-52DD-4252-B6A3-EC636DA87020}"
EndProject
Project("{FAE04EC0-301F-11D3-BF4B-00C04F79EFBC}") = "CZLib.DB.EF", "CZLib.DB.EF\CZLib.DB.EF.csproj", "{D3F51A8A-5B7F-4384-8CDD-497EB0AF3A63}"
EndProject
Project("{2150E333-8FDC-42A3-9474-1A3956D46DE8}") = "EventBus", "EventBus", "{29FD73F4-C728-4847-ACA9-DAEA409A0FA0}"
EndProject
Project("{FAE04EC0-301F-11D3-BF4B-00C04F79EFBC}") = "CZLib.EventBus", "CZLib.EventBus\CZLib.EventBus.csproj", "{51E3AEEC-B22D-4F48-82A4-5BC7FA1D4286}"
EndProject
Global
	GlobalSection(SolutionConfigurationPlatforms) = preSolution
		Debug|Any CPU = Debug|Any CPU
		Release|Any CPU = Release|Any CPU
	EndGlobalSection
	GlobalSection(ProjectConfigurationPlatforms) = postSolution
		{BD85DC66-6474-4430-86D5-E8F394A474C4}.Debug|Any CPU.ActiveCfg = Debug|Any CPU
		{BD85DC66-6474-4430-86D5-E8F394A474C4}.Debug|Any CPU.Build.0 = Debug|Any CPU
		{BD85DC66-6474-4430-86D5-E8F394A474C4}.Release|Any CPU.ActiveCfg = Release|Any CPU
		{BD85DC66-6474-4430-86D5-E8F394A474C4}.Release|Any CPU.Build.0 = Release|Any CPU
		{ED745FFF-2B45-49F6-A8E1-28A840829522}.Debug|Any CPU.ActiveCfg = Debug|Any CPU
		{ED745FFF-2B45-49F6-A8E1-28A840829522}.Debug|Any CPU.Build.0 = Debug|Any CPU
		{ED745FFF-2B45-49F6-A8E1-28A840829522}.Release|Any CPU.ActiveCfg = Release|Any CPU
		{ED745FFF-2B45-49F6-A8E1-28A840829522}.Release|Any CPU.Build.0 = Release|Any CPU
		{EE194F16-016C-43A9-9E11-AD5E9235336C}.Debug|Any CPU.ActiveCfg = Debug|Any CPU
		{EE194F16-016C-43A9-9E11-AD5E9235336C}.Debug|Any CPU.Build.0 = Debug|Any CPU
		{EE194F16-016C-43A9-9E11-AD5E9235336C}.Release|Any CPU.ActiveCfg = Release|Any CPU
		{EE194F16-016C-43A9-9E11-AD5E9235336C}.Release|Any CPU.Build.0 = Release|Any CPU
		{2695EC38-EEA9-4485-9C05-282B7B9B7C4E}.Debug|Any CPU.ActiveCfg = Debug|Any CPU
		{2695EC38-EEA9-4485-9C05-282B7B9B7C4E}.Debug|Any CPU.Build.0 = Debug|Any CPU
		{2695EC38-EEA9-4485-9C05-282B7B9B7C4E}.Release|Any CPU.ActiveCfg = Release|Any CPU
		{2695EC38-EEA9-4485-9C05-282B7B9B7C4E}.Release|Any CPU.Build.0 = Release|Any CPU
		{61B88487-52DD-4252-B6A3-EC636DA87020}.Debug|Any CPU.ActiveCfg = Debug|Any CPU
		{61B88487-52DD-4252-B6A3-EC636DA87020}.Debug|Any CPU.Build.0 = Debug|Any CPU
		{61B88487-52DD-4252-B6A3-EC636DA87020}.Release|Any CPU.ActiveCfg = Release|Any CPU
		{61B88487-52DD-4252-B6A3-EC636DA87020}.Release|Any CPU.Build.0 = Release|Any CPU
		{D3F51A8A-5B7F-4384-8CDD-497EB0AF3A63}.Debug|Any CPU.ActiveCfg = Debug|Any CPU
		{D3F51A8A-5B7F-4384-8CDD-497EB0AF3A63}.Debug|Any CPU.Build.0 = Debug|Any CPU
		{D3F51A8A-5B7F-4384-8CDD-497EB0AF3A63}.Release|Any CPU.ActiveCfg = Release|Any CPU
		{D3F51A8A-5B7F-4384-8CDD-497EB0AF3A63}.Release|Any CPU.Build.0 = Release|Any CPU
		{51E3AEEC-B22D-4F48-82A4-5BC7FA1D4286}.Debug|Any CPU.ActiveCfg = Debug|Any CPU
		{51E3AEEC-B22D-4F48-82A4-5BC7FA1D4286}.Debug|Any CPU.Build.0 = Debug|Any CPU
		{51E3AEEC-B22D-4F48-82A4-5BC7FA1D4286}.Release|Any CPU.ActiveCfg = Release|Any CPU
		{51E3AEEC-B22D-4F48-82A4-5BC7FA1D4286}.Release|Any CPU.Build.0 = Release|Any CPU
	EndGlobalSection
	GlobalSection(SolutionProperties) = preSolution
		HideSolutionNode = FALSE
	EndGlobalSection
	GlobalSection(NestedProjects) = preSolution
		{EE194F16-016C-43A9-9E11-AD5E9235336C} = {631432E9-3627-496A-A12D-5F471166F3D7}
		{ED745FFF-2B45-49F6-A8E1-28A840829522} = {E88A9C23-0B69-42D0-BEB0-2F45E0F76254}
		{2695EC38-EEA9-4485-9C05-282B7B9B7C4E} = {E88A9C23-0B69-42D0-BEB0-2F45E0F76254}
		{BD85DC66-6474-4430-86D5-E8F394A474C4} = {C5629FC1-11CF-4A87-8663-53E4495818DC}
		{61B88487-52DD-4252-B6A3-EC636DA87020} = {851F5F81-1776-43D6-ADE4-FCD71178DE2F}
		{D3F51A8A-5B7F-4384-8CDD-497EB0AF3A63} = {851F5F81-1776-43D6-ADE4-FCD71178DE2F}
		{51E3AEEC-B22D-4F48-82A4-5BC7FA1D4286} = {29FD73F4-C728-4847-ACA9-DAEA409A0FA0}
	EndGlobalSection
EndGlobal
